
Microsoft Visual Studio Solution File, Format Version 11.00
# Visual Studio 2010
Project("{8BC9CEB8-8B4A-11D0-8D11-00A0C91BC942}") = "PPContentReplacerTest", "PPContentReplacerTest\PPContentReplacerTest.vcxproj", "{C7A8A885-EE8B-4880-8F86-45C9A8DE859C}"
EndProject
Project("{8BC9CEB8-8B4A-11D0-8D11-00A0C91BC942}") = "PPElementsBuilder", "PPElementsBuilder\PPElementsBuilder.vcxproj", "{D9240B8A-3814-4D23-BA28-3A51D3219704}"
EndProject
Global
	GlobalSection(SolutionConfigurationPlatforms) = preSolution
		Debug|Win32 = Debug|Win32
		Release|Win32 = Release|Win32
	EndGlobalSection
	GlobalSection(ProjectConfigurationPlatforms) = postSolution
		{C7A8A885-EE8B-4880-8F86-45C9A8DE859C}.Debug|Win32.ActiveCfg = Debug|Win32
		{C7A8A885-EE8B-4880-8F86-45C9A8DE859C}.Debug|Win32.Build.0 = Debug|Win32
		{C7A8A885-EE8B-4880-8F86-45C9A8DE859C}.Release|Win32.ActiveCfg = Release|Win32
		{C7A8A885-EE8B-4880-8F86-45C9A8DE859C}.Release|Win32.Build.0 = Release|Win32
		{D9240B8A-3814-4D23-BA28-3A51D3219704}.Debug|Win32.ActiveCfg = Debug|Win32
		{D9240B8A-3814-4D23-BA28-3A51D3219704}.Debug|Win32.Build.0 = Debug|Win32
		{D9240B8A-3814-4D23-BA28-3A51D3219704}.Release|Win32.ActiveCfg = Release|Win32
		{D9240B8A-3814-4D23-BA28-3A51D3219704}.Release|Win32.Build.0 = Release|Win32
	EndGlobalSection
	GlobalSection(SolutionProperties) = preSolution
		HideSolutionNode = FALSE
	EndGlobalSection
EndGlobal
