<?xml version="1.0" encoding="utf-8"?>
<Project ToolsVersion="4.0" xmlns="http://schemas.microsoft.com/developer/msbuild/2003">
  <ItemGroup>
    <Filter Include="소스 파일">
      <UniqueIdentifier>{4FC737F1-C7A5-4376-A066-2A32D752A2FF}</UniqueIdentifier>
      <Extensions>cpp;c;cc;cxx;def;odl;idl;hpj;bat;asm;asmx</Extensions>
    </Filter>
    <Filter Include="헤더 파일">
      <UniqueIdentifier>{93995380-89BD-4b04-88EB-625FBE52EBFB}</UniqueIdentifier>
      <Extensions>h;hpp;hxx;hm;inl;inc;xsd</Extensions>
    </Filter>
    <Filter Include="리소스 파일">
      <UniqueIdentifier>{67DA6AB6-F800-4c08-8B7A-83BB121AAD01}</UniqueIdentifier>
      <Extensions>rc;ico;cur;bmp;dlg;rc2;rct;bin;rgs;gif;jpg;jpeg;jpe;resx;tiff;tif;png;wav;mfcribbon-ms</Extensions>
    </Filter>
    <Filter Include="소스 파일\Element">
      <UniqueIdentifier>{c2614ce7-291e-4e55-89f6-67e992770453}</UniqueIdentifier>
    </Filter>
    <Filter Include="소스 파일\Token">
      <UniqueIdentifier>{ca621328-c3bb-4448-b040-6d9f25ee2bd5}</UniqueIdentifier>
    </Filter>
    <Filter Include="소스 파일\Element\Graphic">
      <UniqueIdentifier>{92ce6c74-376e-4274-82b4-bf4caa4ad3de}</UniqueIdentifier>
    </Filter>
  </ItemGroup>
  <ItemGroup>
    <None Include="PDFPlus.txt">
      <Filter>리소스 파일</Filter>
    </None>
    <None Include="ReadMe.txt">
      <Filter>리소스 파일</Filter>
    </None>
    <None Include="..\..\LICENSE">
      <Filter>리소스 파일</Filter>
    </None>
    <None Include="ClassDiagram2.cd" />
    <None Include="DevNote.txt">
      <Filter>리소스 파일</Filter>
    </None>
  </ItemGroup>
  <ItemGroup>
    <ClInclude Include="stdafx.h">
      <Filter>헤더 파일</Filter>
    </ClInclude>
    <ClInclude Include="targetver.h">
      <Filter>헤더 파일</Filter>
    </ClInclude>
    <ClInclude Include="..\..\include\PPCoord.h">
      <Filter>소스 파일</Filter>
    </ClInclude>
    <ClInclude Include="..\..\include\PPDefines.h">
      <Filter>소스 파일</Filter>
    </ClInclude>
    <ClInclude Include="..\..\include\PPDocument.h">
      <Filter>소스 파일</Filter>
    </ClInclude>
    <ClInclude Include="..\..\include\PPFormBase.h">
      <Filter>소스 파일</Filter>
    </ClInclude>
    <ClInclude Include="..\..\include\PPPage.h">
      <Filter>소스 파일</Filter>
    </ClInclude>
    <ClInclude Include="..\..\include\PPParser.h">
      <Filter>소스 파일</Filter>
    </ClInclude>
    <ClInclude Include="..\..\include\PDFPlus.h">
      <Filter>소스 파일</Filter>
    </ClInclude>
    <ClInclude Include="..\..\include\PPBase.h">
      <Filter>소스 파일</Filter>
    </ClInclude>
    <ClInclude Include="..\..\include\PPCommandParser.h">
      <Filter>소스 파일</Filter>
    </ClInclude>
    <ClInclude Include="..\..\include\PPTArray.h">
      <Filter>소스 파일\Token</Filter>
    </ClInclude>
    <ClInclude Include="..\..\include\PPTBool.h">
      <Filter>소스 파일\Token</Filter>
    </ClInclude>
    <ClInclude Include="..\..\include\PPTComment.h">
      <Filter>소스 파일\Token</Filter>
    </ClInclude>
    <ClInclude Include="..\..\include\PPTDictionary.h">
      <Filter>소스 파일\Token</Filter>
    </ClInclude>
    <ClInclude Include="..\..\include\PPTIndirectObj.h">
      <Filter>소스 파일\Token</Filter>
    </ClInclude>
    <ClInclude Include="..\..\include\PPTIndirectRef.h">
      <Filter>소스 파일\Token</Filter>
    </ClInclude>
    <ClInclude Include="..\..\include\PPTName.h">
      <Filter>소스 파일\Token</Filter>
    </ClInclude>
    <ClInclude Include="..\..\include\PPTNull.h">
      <Filter>소스 파일\Token</Filter>
    </ClInclude>
    <ClInclude Include="..\..\include\PPTNumber.h">
      <Filter>소스 파일\Token</Filter>
    </ClInclude>
    <ClInclude Include="..\..\include\PPToken.h">
      <Filter>소스 파일\Token</Filter>
    </ClInclude>
    <ClInclude Include="..\..\include\PPTStream.h">
      <Filter>소스 파일\Token</Filter>
    </ClInclude>
    <ClInclude Include="..\..\include\PPTString.h">
      <Filter>소스 파일\Token</Filter>
    </ClInclude>
    <ClInclude Include="..\..\include\PPTTrailer.h">
      <Filter>소스 파일\Token</Filter>
    </ClInclude>
    <ClInclude Include="..\..\include\PPTXRef.h">
      <Filter>소스 파일\Token</Filter>
    </ClInclude>
    <ClInclude Include="..\..\include\PPElement.h">
      <Filter>소스 파일\Element</Filter>
    </ClInclude>
    <ClInclude Include="..\..\include\PPEMarkedContent.h">
      <Filter>소스 파일\Element</Filter>
    </ClInclude>
    <ClInclude Include="..\..\include\PPEPath.h">
      <Filter>소스 파일\Element</Filter>
    </ClInclude>
    <ClInclude Include="..\..\include\PPEShading.h">
      <Filter>소스 파일\Element</Filter>
    </ClInclude>
    <ClInclude Include="..\..\include\PPEText.h">
      <Filter>소스 파일\Element</Filter>
    </ClInclude>
    <ClInclude Include="..\..\include\PPEBeginMarkedContent.h">
      <Filter>소스 파일\Element</Filter>
    </ClInclude>
    <ClInclude Include="..\..\include\PPEEndMarkedContent.h">
      <Filter>소스 파일\Element</Filter>
    </ClInclude>
    <ClInclude Include="..\..\include\PPEForm.h">
      <Filter>소스 파일\Element</Filter>
    </ClInclude>
    <ClInclude Include="..\..\include\PPEGRestore.h">
      <Filter>소스 파일\Element</Filter>
    </ClInclude>
    <ClInclude Include="..\..\include\PPEGSave.h">
      <Filter>소스 파일\Element</Filter>
    </ClInclude>
    <ClInclude Include="..\..\include\PPEImage.h">
      <Filter>소스 파일\Element</Filter>
    </ClInclude>
    <ClInclude Include="..\..\include\PPEInlineImage.h">
      <Filter>소스 파일\Element</Filter>
    </ClInclude>
    <ClInclude Include="..\..\include\PPColor.h">
      <Filter>소스 파일\Element\Graphic</Filter>
    </ClInclude>
    <ClInclude Include="..\..\include\PPContext.h">
      <Filter>소스 파일\Element\Graphic</Filter>
    </ClInclude>
    <ClInclude Include="..\..\include\PPDash.h">
      <Filter>소스 파일\Element\Graphic</Filter>
    </ClInclude>
    <ClInclude Include="..\..\include\PPPathItem.h">
      <Filter>소스 파일\Element\Graphic</Filter>
    </ClInclude>
    <ClInclude Include="..\..\include\PPGState.h">
      <Filter>소스 파일\Element\Graphic</Filter>
    </ClInclude>
    <ClInclude Include="..\..\include\PPMatrix.h">
      <Filter>소스 파일\Element\Graphic</Filter>
    </ClInclude>
    <ClInclude Include="..\..\include\PPPath.h">
      <Filter>소스 파일\Element\Graphic</Filter>
    </ClInclude>
    <ClInclude Include="..\..\include\PPEBeginCompatibility.h">
      <Filter>소스 파일\Element</Filter>
    </ClInclude>
    <ClInclude Include="..\..\include\PPEEndCompatibility.h">
      <Filter>소스 파일\Element</Filter>
    </ClInclude>
    <ClInclude Include="..\..\include\PPLayer.h">
      <Filter>소스 파일</Filter>
    </ClInclude>
    <ClInclude Include="..\..\include\PPETextState.h">
      <Filter>소스 파일\Element</Filter>
    </ClInclude>
    <ClInclude Include="..\..\include\PPImage.h">
      <Filter>소스 파일\Element\Graphic</Filter>
    </ClInclude>
  </ItemGroup>
  <ItemGroup>
    <ClCompile Include="stdafx.cpp">
      <Filter>소스 파일</Filter>
    </ClCompile>
    <ClCompile Include="..\..\src\PPBase.cpp">
      <Filter>소스 파일</Filter>
    </ClCompile>
    <ClCompile Include="..\..\src\PPCommandParser.cpp">
      <Filter>소스 파일</Filter>
    </ClCompile>
    <ClCompile Include="..\..\src\PPParser.cpp">
      <Filter>소스 파일</Filter>
    </ClCompile>
    <ClCompile Include="..\..\src\PPCoord.cpp">
      <Filter>소스 파일</Filter>
    </ClCompile>
    <ClCompile Include="..\..\src\PPDocument.cpp">
      <Filter>소스 파일</Filter>
    </ClCompile>
    <ClCompile Include="..\..\src\PPFormBase.cpp">
      <Filter>소스 파일</Filter>
    </ClCompile>
    <ClCompile Include="..\..\src\PPPage.cpp">
      <Filter>소스 파일</Filter>
    </ClCompile>
    <ClCompile Include="..\..\src\Token\PPTArray.cpp">
      <Filter>소스 파일\Token</Filter>
    </ClCompile>
    <ClCompile Include="..\..\src\Token\PPTBool.cpp">
      <Filter>소스 파일\Token</Filter>
    </ClCompile>
    <ClCompile Include="..\..\src\Token\PPTComment.cpp">
      <Filter>소스 파일\Token</Filter>
    </ClCompile>
    <ClCompile Include="..\..\src\Token\PPTDictionary.cpp">
      <Filter>소스 파일\Token</Filter>
    </ClCompile>
    <ClCompile Include="..\..\src\Token\PPTIndirectObj.cpp">
      <Filter>소스 파일\Token</Filter>
    </ClCompile>
    <ClCompile Include="..\..\src\Token\PPTIndirectRef.cpp">
      <Filter>소스 파일\Token</Filter>
    </ClCompile>
    <ClCompile Include="..\..\src\Token\PPTName.cpp">
      <Filter>소스 파일\Token</Filter>
    </ClCompile>
    <ClCompile Include="..\..\src\Token\PPTNull.cpp">
      <Filter>소스 파일\Token</Filter>
    </ClCompile>
    <ClCompile Include="..\..\src\Token\PPTNumber.cpp">
      <Filter>소스 파일\Token</Filter>
    </ClCompile>
    <ClCompile Include="..\..\src\Token\PPToken.cpp">
      <Filter>소스 파일\Token</Filter>
    </ClCompile>
    <ClCompile Include="..\..\src\Token\PPTStream.cpp">
      <Filter>소스 파일\Token</Filter>
    </ClCompile>
    <ClCompile Include="..\..\src\Token\PPTString.cpp">
      <Filter>소스 파일\Token</Filter>
    </ClCompile>
    <ClCompile Include="..\..\src\Token\PPTTrailer.cpp">
      <Filter>소스 파일\Token</Filter>
    </ClCompile>
    <ClCompile Include="..\..\src\Token\PPTXRef.cpp">
      <Filter>소스 파일\Token</Filter>
    </ClCompile>
    <ClCompile Include="..\..\src\Element\PPEBeginMarkedContent.cpp">
      <Filter>소스 파일\Element</Filter>
    </ClCompile>
    <ClCompile Include="..\..\src\Element\PPEForm.cpp">
      <Filter>소스 파일\Element</Filter>
    </ClCompile>
    <ClCompile Include="..\..\src\Element\PPEGRestore.cpp">
      <Filter>소스 파일\Element</Filter>
    </ClCompile>
    <ClCompile Include="..\..\src\Element\PPEGSave.cpp">
      <Filter>소스 파일\Element</Filter>
    </ClCompile>
    <ClCompile Include="..\..\src\Element\PPEImage.cpp">
      <Filter>소스 파일\Element</Filter>
    </ClCompile>
    <ClCompile Include="..\..\src\Element\PPEInlineImage.cpp">
      <Filter>소스 파일\Element</Filter>
    </ClCompile>
    <ClCompile Include="..\..\src\Element\PPElement.cpp">
      <Filter>소스 파일\Element</Filter>
    </ClCompile>
    <ClCompile Include="..\..\src\Element\PPEMarkedContent.cpp">
      <Filter>소스 파일\Element</Filter>
    </ClCompile>
    <ClCompile Include="..\..\src\Element\PPEPath.cpp">
      <Filter>소스 파일\Element</Filter>
    </ClCompile>
    <ClCompile Include="..\..\src\Element\PPEShading.cpp">
      <Filter>소스 파일\Element</Filter>
    </ClCompile>
    <ClCompile Include="..\..\src\Element\PPEText.cpp">
      <Filter>소스 파일\Element</Filter>
    </ClCompile>
    <ClCompile Include="..\..\src\Element\Graphic\PPColor.cpp">
      <Filter>소스 파일\Element\Graphic</Filter>
    </ClCompile>
    <ClCompile Include="..\..\src\Element\Graphic\PPContext.cpp">
      <Filter>소스 파일\Element\Graphic</Filter>
    </ClCompile>
    <ClCompile Include="..\..\src\Element\Graphic\PPDash.cpp">
      <Filter>소스 파일\Element\Graphic</Filter>
    </ClCompile>
    <ClCompile Include="..\..\src\Element\Graphic\PPGState.cpp">
      <Filter>소스 파일\Element\Graphic</Filter>
    </ClCompile>
    <ClCompile Include="..\..\src\Element\Graphic\PPMatrix.cpp">
      <Filter>소스 파일\Element\Graphic</Filter>
    </ClCompile>
    <ClCompile Include="..\..\src\Element\Graphic\PPPath.cpp">
      <Filter>소스 파일\Element\Graphic</Filter>
    </ClCompile>
    <ClCompile Include="..\..\src\Element\Graphic\PPPathItem.cpp">
      <Filter>소스 파일\Element\Graphic</Filter>
    </ClCompile>
    <ClCompile Include="..\..\src\Element\PPEBeginCompatibility.cpp">
      <Filter>소스 파일\Element</Filter>
    </ClCompile>
    <ClCompile Include="..\..\src\Element\PPEEndCompatibility.cpp">
      <Filter>소스 파일\Element</Filter>
    </ClCompile>
    <ClCompile Include="..\..\src\PPLayer.cpp">
      <Filter>소스 파일</Filter>
    </ClCompile>
    <ClCompile Include="..\..\src\PPETextState.cpp">
      <Filter>소스 파일\Element</Filter>
    </ClCompile>
    <ClCompile Include="..\..\src\Element\PPEEndMarkedContent.cpp">
      <Filter>소스 파일\Element</Filter>
    </ClCompile>
    <ClCompile Include="..\..\src\Element\Graphic\PPImage.cpp">
      <Filter>소스 파일\Element\Graphic</Filter>
    </ClCompile>
  </ItemGroup>
</Project>